// !$*UTF8*$!
{
	archiveVersion = 1;
	classes = {
	};
	objectVersion = 56;
	objects = {

/* Begin PBXBuildFile section */
		9D11ABF22A8FB1E20025EDCA /* BannerContentConfiguration.swift in Sources */ = {isa = PBXBuildFile; fileRef = 9D11ABF12A8FB1E10025EDCA /* BannerContentConfiguration.swift */; };
		9D11ABF52A8FB26A0025EDCA /* BannerContentView.swift in Sources */ = {isa = PBXBuildFile; fileRef = 9D11ABF42A8FB26A0025EDCA /* BannerContentView.swift */; };
		9D3E714B2A8F575E00664FD2 /* CollectionViewSectionHeaderView.swift in Sources */ = {isa = PBXBuildFile; fileRef = 9D3E714A2A8F575E00664FD2 /* CollectionViewSectionHeaderView.swift */; };
		9D3E714D2A8F679D00664FD2 /* StoryContentConfiguration.swift in Sources */ = {isa = PBXBuildFile; fileRef = 9D3E714C2A8F679D00664FD2 /* StoryContentConfiguration.swift */; };
		9D3E71502A8F68FD00664FD2 /* StoryContentView.swift in Sources */ = {isa = PBXBuildFile; fileRef = 9D3E714F2A8F68FD00664FD2 /* StoryContentView.swift */; };
		9D5B169B2A866F3D00011E71 /* AppDelegate.swift in Sources */ = {isa = PBXBuildFile; fileRef = 9D5B169A2A866F3D00011E71 /* AppDelegate.swift */; };
		9D5B169D2A866F3D00011E71 /* SceneDelegate.swift in Sources */ = {isa = PBXBuildFile; fileRef = 9D5B169C2A866F3D00011E71 /* SceneDelegate.swift */; };
		9D5B16A42A866F3E00011E71 /* Assets.xcassets in Resources */ = {isa = PBXBuildFile; fileRef = 9D5B16A32A866F3E00011E71 /* Assets.xcassets */; };
		9D5B16A72A866F3E00011E71 /* LaunchScreen.storyboard in Resources */ = {isa = PBXBuildFile; fileRef = 9D5B16A52A866F3E00011E71 /* LaunchScreen.storyboard */; };
		9D5B16AF2A86704000011E71 /* MainViewController.swift in Sources */ = {isa = PBXBuildFile; fileRef = 9D5B16AE2A86704000011E71 /* MainViewController.swift */; };
		9D5B16B12A86707300011E71 /* TabBarViewController.swift in Sources */ = {isa = PBXBuildFile; fileRef = 9D5B16B02A86707300011E71 /* TabBarViewController.swift */; };
		9D5B16B32A86714400011E71 /* CartViewController.swift in Sources */ = {isa = PBXBuildFile; fileRef = 9D5B16B22A86714400011E71 /* CartViewController.swift */; };
		9D5B16B52A86715000011E71 /* ProfileViewController.swift in Sources */ = {isa = PBXBuildFile; fileRef = 9D5B16B42A86715000011E71 /* ProfileViewController.swift */; };
		9D5B16B72A86715B00011E71 /* CatalogueViewController.swift in Sources */ = {isa = PBXBuildFile; fileRef = 9D5B16B62A86715B00011E71 /* CatalogueViewController.swift */; };
		9D5B16BB2A8684BA00011E71 /* SearchTextField.swift in Sources */ = {isa = PBXBuildFile; fileRef = 9D5B16BA2A8684BA00011E71 /* SearchTextField.swift */; };
		9D64FC052A898BC800807414 /* BannerModel.swift in Sources */ = {isa = PBXBuildFile; fileRef = 9D64FC042A898BC800807414 /* BannerModel.swift */; };
		9D64FC072A898C3A00807414 /* BannerCollectionViewCell.swift in Sources */ = {isa = PBXBuildFile; fileRef = 9D64FC062A898C3A00807414 /* BannerCollectionViewCell.swift */; };
		9D64FC092A8999D500807414 /* BonusModel.swift in Sources */ = {isa = PBXBuildFile; fileRef = 9D64FC082A8999D500807414 /* BonusModel.swift */; };
		9D64FC0B2A899A5600807414 /* BonusStatusCollectionViewCell.swift in Sources */ = {isa = PBXBuildFile; fileRef = 9D64FC0A2A899A5600807414 /* BonusStatusCollectionViewCell.swift */; };
		9D64FC0D2A8A50E500807414 /* ServiceModel.swift in Sources */ = {isa = PBXBuildFile; fileRef = 9D64FC0C2A8A50E500807414 /* ServiceModel.swift */; };
		9D64FC112A8A689600807414 /* ProductModel.swift in Sources */ = {isa = PBXBuildFile; fileRef = 9D64FC102A8A689600807414 /* ProductModel.swift */; };
		9DA00CDD2A8BE77E0018320A /* AccentLabelView.swift in Sources */ = {isa = PBXBuildFile; fileRef = 9DA00CDC2A8BE77E0018320A /* AccentLabelView.swift */; };
		9DD440F82A8C0C09001C8201 /* DiscountLabelView.swift in Sources */ = {isa = PBXBuildFile; fileRef = 9DD440F72A8C0C09001C8201 /* DiscountLabelView.swift */; };
		9DD440FA2A8D64CF001C8201 /* ServiceContentConfiguration.swift in Sources */ = {isa = PBXBuildFile; fileRef = 9DD440F92A8D64CF001C8201 /* ServiceContentConfiguration.swift */; };
		9DD440FC2A8D6581001C8201 /* ServiceContentView.swift in Sources */ = {isa = PBXBuildFile; fileRef = 9DD440FB2A8D6581001C8201 /* ServiceContentView.swift */; };
		9DD440FE2A8D71A2001C8201 /* ServiceConfCollectionViewCell.swift in Sources */ = {isa = PBXBuildFile; fileRef = 9DD440FD2A8D71A2001C8201 /* ServiceConfCollectionViewCell.swift */; };
		9DD441032A8EB241001C8201 /* ProductCollectionViewCell.swift in Sources */ = {isa = PBXBuildFile; fileRef = 9DD441022A8EB241001C8201 /* ProductCollectionViewCell.swift */; };
		9DD441052A8EB334001C8201 /* ProductContentConfiguration.swift in Sources */ = {isa = PBXBuildFile; fileRef = 9DD441042A8EB334001C8201 /* ProductContentConfiguration.swift */; };
		9DD441072A8EB49D001C8201 /* ProductContentView.swift in Sources */ = {isa = PBXBuildFile; fileRef = 9DD441062A8EB49D001C8201 /* ProductContentView.swift */; };
		9DE539232A878F29004EF275 /* SearchBarForMainViewController.swift in Sources */ = {isa = PBXBuildFile; fileRef = 9DE539222A878F29004EF275 /* SearchBarForMainViewController.swift */; };
		9DE539252A87E6DA004EF275 /* CollectionForMainViewController.swift in Sources */ = {isa = PBXBuildFile; fileRef = 9DE539242A87E6DA004EF275 /* CollectionForMainViewController.swift */; };
		9DE539282A8803F7004EF275 /* StoryModel.swift in Sources */ = {isa = PBXBuildFile; fileRef = 9DE539272A8803F7004EF275 /* StoryModel.swift */; };
		9DE5392A2A88049E004EF275 /* Data.swift in Sources */ = {isa = PBXBuildFile; fileRef = 9DE539292A88049E004EF275 /* Data.swift */; };
		9DE5392C2A880A04004EF275 /* StoryCollectionViewCell.swift in Sources */ = {isa = PBXBuildFile; fileRef = 9DE5392B2A880A04004EF275 /* StoryCollectionViewCell.swift */; };
/* End PBXBuildFile section */

/* Begin PBXFileReference section */
		9D11ABF12A8FB1E10025EDCA /* BannerContentConfiguration.swift */ = {isa = PBXFileReference; lastKnownFileType = sourcecode.swift; path = BannerContentConfiguration.swift; sourceTree = "<group>"; };
		9D11ABF42A8FB26A0025EDCA /* BannerContentView.swift */ = {isa = PBXFileReference; lastKnownFileType = sourcecode.swift; path = BannerContentView.swift; sourceTree = "<group>"; };
		9D3E714A2A8F575E00664FD2 /* CollectionViewSectionHeaderView.swift */ = {isa = PBXFileReference; lastKnownFileType = sourcecode.swift; path = CollectionViewSectionHeaderView.swift; sourceTree = "<group>"; };
		9D3E714C2A8F679D00664FD2 /* StoryContentConfiguration.swift */ = {isa = PBXFileReference; lastKnownFileType = sourcecode.swift; path = StoryContentConfiguration.swift; sourceTree = "<group>"; };
		9D3E714F2A8F68FD00664FD2 /* StoryContentView.swift */ = {isa = PBXFileReference; lastKnownFileType = sourcecode.swift; path = StoryContentView.swift; sourceTree = "<group>"; };
		9D5B16972A866F3D00011E71 /* MySpar.app */ = {isa = PBXFileReference; explicitFileType = wrapper.application; includeInIndex = 0; path = MySpar.app; sourceTree = BUILT_PRODUCTS_DIR; };
		9D5B169A2A866F3D00011E71 /* AppDelegate.swift */ = {isa = PBXFileReference; lastKnownFileType = sourcecode.swift; path = AppDelegate.swift; sourceTree = "<group>"; };
		9D5B169C2A866F3D00011E71 /* SceneDelegate.swift */ = {isa = PBXFileReference; lastKnownFileType = sourcecode.swift; path = SceneDelegate.swift; sourceTree = "<group>"; };
		9D5B16A32A866F3E00011E71 /* Assets.xcassets */ = {isa = PBXFileReference; lastKnownFileType = folder.assetcatalog; path = Assets.xcassets; sourceTree = "<group>"; };
		9D5B16A62A866F3E00011E71 /* Base */ = {isa = PBXFileReference; lastKnownFileType = file.storyboard; name = Base; path = Base.lproj/LaunchScreen.storyboard; sourceTree = "<group>"; };
		9D5B16A82A866F3E00011E71 /* Info.plist */ = {isa = PBXFileReference; lastKnownFileType = text.plist.xml; path = Info.plist; sourceTree = "<group>"; };
		9D5B16AE2A86704000011E71 /* MainViewController.swift */ = {isa = PBXFileReference; lastKnownFileType = sourcecode.swift; path = MainViewController.swift; sourceTree = "<group>"; };
		9D5B16B02A86707300011E71 /* TabBarViewController.swift */ = {isa = PBXFileReference; lastKnownFileType = sourcecode.swift; path = TabBarViewController.swift; sourceTree = "<group>"; };
		9D5B16B22A86714400011E71 /* CartViewController.swift */ = {isa = PBXFileReference; lastKnownFileType = sourcecode.swift; path = CartViewController.swift; sourceTree = "<group>"; };
		9D5B16B42A86715000011E71 /* ProfileViewController.swift */ = {isa = PBXFileReference; lastKnownFileType = sourcecode.swift; path = ProfileViewController.swift; sourceTree = "<group>"; };
		9D5B16B62A86715B00011E71 /* CatalogueViewController.swift */ = {isa = PBXFileReference; lastKnownFileType = sourcecode.swift; path = CatalogueViewController.swift; sourceTree = "<group>"; };
		9D5B16BA2A8684BA00011E71 /* SearchTextField.swift */ = {isa = PBXFileReference; lastKnownFileType = sourcecode.swift; path = SearchTextField.swift; sourceTree = "<group>"; };
		9D64FC042A898BC800807414 /* BannerModel.swift */ = {isa = PBXFileReference; lastKnownFileType = sourcecode.swift; path = BannerModel.swift; sourceTree = "<group>"; };
		9D64FC062A898C3A00807414 /* BannerCollectionViewCell.swift */ = {isa = PBXFileReference; lastKnownFileType = sourcecode.swift; path = BannerCollectionViewCell.swift; sourceTree = "<group>"; };
		9D64FC082A8999D500807414 /* BonusModel.swift */ = {isa = PBXFileReference; lastKnownFileType = sourcecode.swift; path = BonusModel.swift; sourceTree = "<group>"; };
		9D64FC0A2A899A5600807414 /* BonusStatusCollectionViewCell.swift */ = {isa = PBXFileReference; lastKnownFileType = sourcecode.swift; path = BonusStatusCollectionViewCell.swift; sourceTree = "<group>"; };
		9D64FC0C2A8A50E500807414 /* ServiceModel.swift */ = {isa = PBXFileReference; lastKnownFileType = sourcecode.swift; path = ServiceModel.swift; sourceTree = "<group>"; };
		9D64FC102A8A689600807414 /* ProductModel.swift */ = {isa = PBXFileReference; lastKnownFileType = sourcecode.swift; path = ProductModel.swift; sourceTree = "<group>"; };
		9DA00CDC2A8BE77E0018320A /* AccentLabelView.swift */ = {isa = PBXFileReference; lastKnownFileType = sourcecode.swift; path = AccentLabelView.swift; sourceTree = "<group>"; };
		9DD440F72A8C0C09001C8201 /* DiscountLabelView.swift */ = {isa = PBXFileReference; lastKnownFileType = sourcecode.swift; path = DiscountLabelView.swift; sourceTree = "<group>"; };
		9DD440F92A8D64CF001C8201 /* ServiceContentConfiguration.swift */ = {isa = PBXFileReference; lastKnownFileType = sourcecode.swift; path = ServiceContentConfiguration.swift; sourceTree = "<group>"; };
		9DD440FB2A8D6581001C8201 /* ServiceContentView.swift */ = {isa = PBXFileReference; lastKnownFileType = sourcecode.swift; path = ServiceContentView.swift; sourceTree = "<group>"; };
		9DD440FD2A8D71A2001C8201 /* ServiceConfCollectionViewCell.swift */ = {isa = PBXFileReference; lastKnownFileType = sourcecode.swift; path = ServiceConfCollectionViewCell.swift; sourceTree = "<group>"; };
		9DD441022A8EB241001C8201 /* ProductCollectionViewCell.swift */ = {isa = PBXFileReference; lastKnownFileType = sourcecode.swift; path = ProductCollectionViewCell.swift; sourceTree = "<group>"; };
		9DD441042A8EB334001C8201 /* ProductContentConfiguration.swift */ = {isa = PBXFileReference; lastKnownFileType = sourcecode.swift; path = ProductContentConfiguration.swift; sourceTree = "<group>"; };
		9DD441062A8EB49D001C8201 /* ProductContentView.swift */ = {isa = PBXFileReference; lastKnownFileType = sourcecode.swift; path = ProductContentView.swift; sourceTree = "<group>"; };
		9DE539222A878F29004EF275 /* SearchBarForMainViewController.swift */ = {isa = PBXFileReference; lastKnownFileType = sourcecode.swift; path = SearchBarForMainViewController.swift; sourceTree = "<group>"; };
		9DE539242A87E6DA004EF275 /* CollectionForMainViewController.swift */ = {isa = PBXFileReference; lastKnownFileType = sourcecode.swift; path = CollectionForMainViewController.swift; sourceTree = "<group>"; };
		9DE539272A8803F7004EF275 /* StoryModel.swift */ = {isa = PBXFileReference; lastKnownFileType = sourcecode.swift; path = StoryModel.swift; sourceTree = "<group>"; };
		9DE539292A88049E004EF275 /* Data.swift */ = {isa = PBXFileReference; lastKnownFileType = sourcecode.swift; path = Data.swift; sourceTree = "<group>"; };
		9DE5392B2A880A04004EF275 /* StoryCollectionViewCell.swift */ = {isa = PBXFileReference; lastKnownFileType = sourcecode.swift; path = StoryCollectionViewCell.swift; sourceTree = "<group>"; };
/* End PBXFileReference section */

/* Begin PBXFrameworksBuildPhase section */
		9D5B16942A866F3D00011E71 /* Frameworks */ = {
			isa = PBXFrameworksBuildPhase;
			buildActionMask = 2147483647;
			files = (
			);
			runOnlyForDeploymentPostprocessing = 0;
		};
/* End PBXFrameworksBuildPhase section */

/* Begin PBXGroup section */
		9D11ABF32A8FB24A0025EDCA /* BannerCell */ = {
			isa = PBXGroup;
			children = (
				9D11ABF42A8FB26A0025EDCA /* BannerContentView.swift */,
				9D64FC062A898C3A00807414 /* BannerCollectionViewCell.swift */,
			);
			path = BannerCell;
			sourceTree = "<group>";
		};
		9D11ABF62A8FB5BB0025EDCA /* BonusCell */ = {
			isa = PBXGroup;
			children = (
				9D64FC0A2A899A5600807414 /* BonusStatusCollectionViewCell.swift */,
			);
			path = BonusCell;
			sourceTree = "<group>";
		};
		9D3E714E2A8F68B100664FD2 /* StoryCell */ = {
			isa = PBXGroup;
			children = (
				9D3E714F2A8F68FD00664FD2 /* StoryContentView.swift */,
				9DE5392B2A880A04004EF275 /* StoryCollectionViewCell.swift */,
			);
			path = StoryCell;
			sourceTree = "<group>";
		};
		9D5B168E2A866F3D00011E71 = {
			isa = PBXGroup;
			children = (
				9D5B16992A866F3D00011E71 /* MySpar */,
				9D5B16982A866F3D00011E71 /* Products */,
			);
			sourceTree = "<group>";
		};
		9D5B16982A866F3D00011E71 /* Products */ = {
			isa = PBXGroup;
			children = (
				9D5B16972A866F3D00011E71 /* MySpar.app */,
			);
			name = Products;
			sourceTree = "<group>";
		};
		9D5B16992A866F3D00011E71 /* MySpar */ = {
			isa = PBXGroup;
			children = (
				9DE539262A8803C0004EF275 /* Models */,
				9D5B16B92A86849800011E71 /* Views */,
				9D5B16B82A867B1600011E71 /* Controllers */,
				9D5B169A2A866F3D00011E71 /* AppDelegate.swift */,
				9D5B169C2A866F3D00011E71 /* SceneDelegate.swift */,
				9D5B16A32A866F3E00011E71 /* Assets.xcassets */,
				9D5B16A52A866F3E00011E71 /* LaunchScreen.storyboard */,
				9D5B16A82A866F3E00011E71 /* Info.plist */,
			);
			path = MySpar;
			sourceTree = "<group>";
		};
		9D5B16B82A867B1600011E71 /* Controllers */ = {
			isa = PBXGroup;
			children = (
				9DE5392D2A884E36004EF275 /* MainViewControllers */,
				9DE5392E2A884E57004EF275 /* CatalogueViewControllers */,
				9DE5392F2A884E6D004EF275 /* CartViewControllers */,
				9DE539302A884E7C004EF275 /* ProfileViewControllers */,
				9D5B16B02A86707300011E71 /* TabBarViewController.swift */,
			);
			path = Controllers;
			sourceTree = "<group>";
		};
		9D5B16B92A86849800011E71 /* Views */ = {
			isa = PBXGroup;
			children = (
				9D5B16BA2A8684BA00011E71 /* SearchTextField.swift */,
				9DD441012A8EB16F001C8201 /* CollectionView */,
			);
			path = Views;
			sourceTree = "<group>";
		};
		9DA00CDE2A8BE7930018320A /* ProductCell */ = {
			isa = PBXGroup;
			children = (
				9DD441062A8EB49D001C8201 /* ProductContentView.swift */,
				9DD440F72A8C0C09001C8201 /* DiscountLabelView.swift */,
				9DA00CDC2A8BE77E0018320A /* AccentLabelView.swift */,
				9DD441022A8EB241001C8201 /* ProductCollectionViewCell.swift */,
			);
			path = ProductCell;
			sourceTree = "<group>";
		};
		9DD441002A8EB104001C8201 /* ServiceCell */ = {
			isa = PBXGroup;
			children = (
				9DD440FB2A8D6581001C8201 /* ServiceContentView.swift */,
				9DD440FD2A8D71A2001C8201 /* ServiceConfCollectionViewCell.swift */,
			);
			path = ServiceCell;
			sourceTree = "<group>";
		};
		9DD441012A8EB16F001C8201 /* CollectionView */ = {
			isa = PBXGroup;
			children = (
				9D3E714A2A8F575E00664FD2 /* CollectionViewSectionHeaderView.swift */,
				9D3E714E2A8F68B100664FD2 /* StoryCell */,
				9D11ABF32A8FB24A0025EDCA /* BannerCell */,
				9D11ABF62A8FB5BB0025EDCA /* BonusCell */,
				9DD441002A8EB104001C8201 /* ServiceCell */,
				9DA00CDE2A8BE7930018320A /* ProductCell */,
			);
			path = CollectionView;
			sourceTree = "<group>";
		};
		9DE539262A8803C0004EF275 /* Models */ = {
			isa = PBXGroup;
			children = (
				9DE539292A88049E004EF275 /* Data.swift */,
				9DE539272A8803F7004EF275 /* StoryModel.swift */,
				9D3E714C2A8F679D00664FD2 /* StoryContentConfiguration.swift */,
				9D64FC042A898BC800807414 /* BannerModel.swift */,
				9D11ABF12A8FB1E10025EDCA /* BannerContentConfiguration.swift */,
				9D64FC082A8999D500807414 /* BonusModel.swift */,
				9D64FC0C2A8A50E500807414 /* ServiceModel.swift */,
				9DD440F92A8D64CF001C8201 /* ServiceContentConfiguration.swift */,
				9D64FC102A8A689600807414 /* ProductModel.swift */,
				9DD441042A8EB334001C8201 /* ProductContentConfiguration.swift */,
			);
			path = Models;
			sourceTree = "<group>";
		};
		9DE5392D2A884E36004EF275 /* MainViewControllers */ = {
			isa = PBXGroup;
			children = (
				9D5B16AE2A86704000011E71 /* MainViewController.swift */,
				9DE539222A878F29004EF275 /* SearchBarForMainViewController.swift */,
				9DE539242A87E6DA004EF275 /* CollectionForMainViewController.swift */,
			);
			path = MainViewControllers;
			sourceTree = "<group>";
		};
		9DE5392E2A884E57004EF275 /* CatalogueViewControllers */ = {
			isa = PBXGroup;
			children = (
				9D5B16B62A86715B00011E71 /* CatalogueViewController.swift */,
			);
			path = CatalogueViewControllers;
			sourceTree = "<group>";
		};
		9DE5392F2A884E6D004EF275 /* CartViewControllers */ = {
			isa = PBXGroup;
			children = (
				9D5B16B22A86714400011E71 /* CartViewController.swift */,
			);
			path = CartViewControllers;
			sourceTree = "<group>";
		};
		9DE539302A884E7C004EF275 /* ProfileViewControllers */ = {
			isa = PBXGroup;
			children = (
				9D5B16B42A86715000011E71 /* ProfileViewController.swift */,
			);
			path = ProfileViewControllers;
			sourceTree = "<group>";
		};
/* End PBXGroup section */

/* Begin PBXNativeTarget section */
		9D5B16962A866F3D00011E71 /* MySpar */ = {
			isa = PBXNativeTarget;
			buildConfigurationList = 9D5B16AB2A866F3E00011E71 /* Build configuration list for PBXNativeTarget "MySpar" */;
			buildPhases = (
				9D5B16932A866F3D00011E71 /* Sources */,
				9D5B16942A866F3D00011E71 /* Frameworks */,
				9D5B16952A866F3D00011E71 /* Resources */,
			);
			buildRules = (
			);
			dependencies = (
			);
			name = MySpar;
			productName = MySpar;
			productReference = 9D5B16972A866F3D00011E71 /* MySpar.app */;
			productType = "com.apple.product-type.application";
		};
/* End PBXNativeTarget section */

/* Begin PBXProject section */
		9D5B168F2A866F3D00011E71 /* Project object */ = {
			isa = PBXProject;
			attributes = {
				BuildIndependentTargetsInParallel = 1;
				LastSwiftUpdateCheck = 1430;
				LastUpgradeCheck = 1430;
				TargetAttributes = {
					9D5B16962A866F3D00011E71 = {
						CreatedOnToolsVersion = 14.3.1;
					};
				};
			};
			buildConfigurationList = 9D5B16922A866F3D00011E71 /* Build configuration list for PBXProject "MySpar" */;
			compatibilityVersion = "Xcode 14.0";
			developmentRegion = en;
			hasScannedForEncodings = 0;
			knownRegions = (
				en,
				Base,
			);
			mainGroup = 9D5B168E2A866F3D00011E71;
			productRefGroup = 9D5B16982A866F3D00011E71 /* Products */;
			projectDirPath = "";
			projectRoot = "";
			targets = (
				9D5B16962A866F3D00011E71 /* MySpar */,
			);
		};
/* End PBXProject section */

/* Begin PBXResourcesBuildPhase section */
		9D5B16952A866F3D00011E71 /* Resources */ = {
			isa = PBXResourcesBuildPhase;
			buildActionMask = 2147483647;
			files = (
				9D5B16A72A866F3E00011E71 /* LaunchScreen.storyboard in Resources */,
				9D5B16A42A866F3E00011E71 /* Assets.xcassets in Resources */,
			);
			runOnlyForDeploymentPostprocessing = 0;
		};
/* End PBXResourcesBuildPhase section */

/* Begin PBXSourcesBuildPhase section */
		9D5B16932A866F3D00011E71 /* Sources */ = {
			isa = PBXSourcesBuildPhase;
			buildActionMask = 2147483647;
			files = (
				9D5B16B52A86715000011E71 /* ProfileViewController.swift in Sources */,
				9DD440FE2A8D71A2001C8201 /* ServiceConfCollectionViewCell.swift in Sources */,
				9D64FC0D2A8A50E500807414 /* ServiceModel.swift in Sources */,
				9D5B16B12A86707300011E71 /* TabBarViewController.swift in Sources */,
				9DD441072A8EB49D001C8201 /* ProductContentView.swift in Sources */,
				9D5B16AF2A86704000011E71 /* MainViewController.swift in Sources */,
				9D5B16B32A86714400011E71 /* CartViewController.swift in Sources */,
				9DA00CDD2A8BE77E0018320A /* AccentLabelView.swift in Sources */,
				9D64FC0B2A899A5600807414 /* BonusStatusCollectionViewCell.swift in Sources */,
				9D5B169B2A866F3D00011E71 /* AppDelegate.swift in Sources */,
				9DD440FA2A8D64CF001C8201 /* ServiceContentConfiguration.swift in Sources */,
				9D5B16B72A86715B00011E71 /* CatalogueViewController.swift in Sources */,
				9D5B169D2A866F3D00011E71 /* SceneDelegate.swift in Sources */,
				9D11ABF52A8FB26A0025EDCA /* BannerContentView.swift in Sources */,
				9D11ABF22A8FB1E20025EDCA /* BannerContentConfiguration.swift in Sources */,
				9D3E714D2A8F679D00664FD2 /* StoryContentConfiguration.swift in Sources */,
				9DE5392A2A88049E004EF275 /* Data.swift in Sources */,
				9DE5392C2A880A04004EF275 /* StoryCollectionViewCell.swift in Sources */,
				9DD440F82A8C0C09001C8201 /* DiscountLabelView.swift in Sources */,
				9DD440FC2A8D6581001C8201 /* ServiceContentView.swift in Sources */,
				9D3E714B2A8F575E00664FD2 /* CollectionViewSectionHeaderView.swift in Sources */,
				9DD441052A8EB334001C8201 /* ProductContentConfiguration.swift in Sources */,
				9DD441032A8EB241001C8201 /* ProductCollectionViewCell.swift in Sources */,
				9D5B16BB2A8684BA00011E71 /* SearchTextField.swift in Sources */,
				9D3E71502A8F68FD00664FD2 /* StoryContentView.swift in Sources */,
				9D64FC072A898C3A00807414 /* BannerCollectionViewCell.swift in Sources */,
				9DE539232A878F29004EF275 /* SearchBarForMainViewController.swift in Sources */,
				9DE539282A8803F7004EF275 /* StoryModel.swift in Sources */,
				9D64FC092A8999D500807414 /* BonusModel.swift in Sources */,
				9D64FC052A898BC800807414 /* BannerModel.swift in Sources */,
				9DE539252A87E6DA004EF275 /* CollectionForMainViewController.swift in Sources */,
				9D64FC112A8A689600807414 /* ProductModel.swift in Sources */,
			);
			runOnlyForDeploymentPostprocessing = 0;
		};
/* End PBXSourcesBuildPhase section */

/* Begin PBXVariantGroup section */
		9D5B16A52A866F3E00011E71 /* LaunchScreen.storyboard */ = {
			isa = PBXVariantGroup;
			children = (
				9D5B16A62A866F3E00011E71 /* Base */,
			);
			name = LaunchScreen.storyboard;
			sourceTree = "<group>";
		};
/* End PBXVariantGroup section */

/* Begin XCBuildConfiguration section */
		9D5B16A92A866F3E00011E71 /* Debug */ = {
			isa = XCBuildConfiguration;
			buildSettings = {
				ALWAYS_SEARCH_USER_PATHS = NO;
				CLANG_ANALYZER_NONNULL = YES;
				CLANG_ANALYZER_NUMBER_OBJECT_CONVERSION = YES_AGGRESSIVE;
				CLANG_CXX_LANGUAGE_STANDARD = "gnu++20";
				CLANG_ENABLE_MODULES = YES;
				CLANG_ENABLE_OBJC_ARC = YES;
				CLANG_ENABLE_OBJC_WEAK = YES;
				CLANG_WARN_BLOCK_CAPTURE_AUTORELEASING = YES;
				CLANG_WARN_BOOL_CONVERSION = YES;
				CLANG_WARN_COMMA = YES;
				CLANG_WARN_CONSTANT_CONVERSION = YES;
				CLANG_WARN_DEPRECATED_OBJC_IMPLEMENTATIONS = YES;
				CLANG_WARN_DIRECT_OBJC_ISA_USAGE = YES_ERROR;
				CLANG_WARN_DOCUMENTATION_COMMENTS = YES;
				CLANG_WARN_EMPTY_BODY = YES;
				CLANG_WARN_ENUM_CONVERSION = YES;
				CLANG_WARN_INFINITE_RECURSION = YES;
				CLANG_WARN_INT_CONVERSION = YES;
				CLANG_WARN_NON_LITERAL_NULL_CONVERSION = YES;
				CLANG_WARN_OBJC_IMPLICIT_RETAIN_SELF = YES;
				CLANG_WARN_OBJC_LITERAL_CONVERSION = YES;
				CLANG_WARN_OBJC_ROOT_CLASS = YES_ERROR;
				CLANG_WARN_QUOTED_INCLUDE_IN_FRAMEWORK_HEADER = YES;
				CLANG_WARN_RANGE_LOOP_ANALYSIS = YES;
				CLANG_WARN_STRICT_PROTOTYPES = YES;
				CLANG_WARN_SUSPICIOUS_MOVE = YES;
				CLANG_WARN_UNGUARDED_AVAILABILITY = YES_AGGRESSIVE;
				CLANG_WARN_UNREACHABLE_CODE = YES;
				CLANG_WARN__DUPLICATE_METHOD_MATCH = YES;
				COPY_PHASE_STRIP = NO;
				DEBUG_INFORMATION_FORMAT = dwarf;
				ENABLE_STRICT_OBJC_MSGSEND = YES;
				ENABLE_TESTABILITY = YES;
				GCC_C_LANGUAGE_STANDARD = gnu11;
				GCC_DYNAMIC_NO_PIC = NO;
				GCC_NO_COMMON_BLOCKS = YES;
				GCC_OPTIMIZATION_LEVEL = 0;
				GCC_PREPROCESSOR_DEFINITIONS = (
					"DEBUG=1",
					"$(inherited)",
				);
				GCC_WARN_64_TO_32_BIT_CONVERSION = YES;
				GCC_WARN_ABOUT_RETURN_TYPE = YES_ERROR;
				GCC_WARN_UNDECLARED_SELECTOR = YES;
				GCC_WARN_UNINITIALIZED_AUTOS = YES_AGGRESSIVE;
				GCC_WARN_UNUSED_FUNCTION = YES;
				GCC_WARN_UNUSED_VARIABLE = YES;
				IPHONEOS_DEPLOYMENT_TARGET = 14.0;
				MTL_ENABLE_DEBUG_INFO = INCLUDE_SOURCE;
				MTL_FAST_MATH = YES;
				ONLY_ACTIVE_ARCH = YES;
				SDKROOT = iphoneos;
				SWIFT_ACTIVE_COMPILATION_CONDITIONS = DEBUG;
				SWIFT_OPTIMIZATION_LEVEL = "-Onone";
			};
			name = Debug;
		};
		9D5B16AA2A866F3E00011E71 /* Release */ = {
			isa = XCBuildConfiguration;
			buildSettings = {
				ALWAYS_SEARCH_USER_PATHS = NO;
				CLANG_ANALYZER_NONNULL = YES;
				CLANG_ANALYZER_NUMBER_OBJECT_CONVERSION = YES_AGGRESSIVE;
				CLANG_CXX_LANGUAGE_STANDARD = "gnu++20";
				CLANG_ENABLE_MODULES = YES;
				CLANG_ENABLE_OBJC_ARC = YES;
				CLANG_ENABLE_OBJC_WEAK = YES;
				CLANG_WARN_BLOCK_CAPTURE_AUTORELEASING = YES;
				CLANG_WARN_BOOL_CONVERSION = YES;
				CLANG_WARN_COMMA = YES;
				CLANG_WARN_CONSTANT_CONVERSION = YES;
				CLANG_WARN_DEPRECATED_OBJC_IMPLEMENTATIONS = YES;
				CLANG_WARN_DIRECT_OBJC_ISA_USAGE = YES_ERROR;
				CLANG_WARN_DOCUMENTATION_COMMENTS = YES;
				CLANG_WARN_EMPTY_BODY = YES;
				CLANG_WARN_ENUM_CONVERSION = YES;
				CLANG_WARN_INFINITE_RECURSION = YES;
				CLANG_WARN_INT_CONVERSION = YES;
				CLANG_WARN_NON_LITERAL_NULL_CONVERSION = YES;
				CLANG_WARN_OBJC_IMPLICIT_RETAIN_SELF = YES;
				CLANG_WARN_OBJC_LITERAL_CONVERSION = YES;
				CLANG_WARN_OBJC_ROOT_CLASS = YES_ERROR;
				CLANG_WARN_QUOTED_INCLUDE_IN_FRAMEWORK_HEADER = YES;
				CLANG_WARN_RANGE_LOOP_ANALYSIS = YES;
				CLANG_WARN_STRICT_PROTOTYPES = YES;
				CLANG_WARN_SUSPICIOUS_MOVE = YES;
				CLANG_WARN_UNGUARDED_AVAILABILITY = YES_AGGRESSIVE;
				CLANG_WARN_UNREACHABLE_CODE = YES;
				CLANG_WARN__DUPLICATE_METHOD_MATCH = YES;
				COPY_PHASE_STRIP = NO;
				DEBUG_INFORMATION_FORMAT = "dwarf-with-dsym";
				ENABLE_NS_ASSERTIONS = NO;
				ENABLE_STRICT_OBJC_MSGSEND = YES;
				GCC_C_LANGUAGE_STANDARD = gnu11;
				GCC_NO_COMMON_BLOCKS = YES;
				GCC_WARN_64_TO_32_BIT_CONVERSION = YES;
				GCC_WARN_ABOUT_RETURN_TYPE = YES_ERROR;
				GCC_WARN_UNDECLARED_SELECTOR = YES;
				GCC_WARN_UNINITIALIZED_AUTOS = YES_AGGRESSIVE;
				GCC_WARN_UNUSED_FUNCTION = YES;
				GCC_WARN_UNUSED_VARIABLE = YES;
				IPHONEOS_DEPLOYMENT_TARGET = 14.0;
				MTL_ENABLE_DEBUG_INFO = NO;
				MTL_FAST_MATH = YES;
				SDKROOT = iphoneos;
				SWIFT_COMPILATION_MODE = wholemodule;
				SWIFT_OPTIMIZATION_LEVEL = "-O";
				VALIDATE_PRODUCT = YES;
			};
			name = Release;
		};
		9D5B16AC2A866F3E00011E71 /* Debug */ = {
			isa = XCBuildConfiguration;
			buildSettings = {
				ASSETCATALOG_COMPILER_APPICON_NAME = AppIcon;
				ASSETCATALOG_COMPILER_GLOBAL_ACCENT_COLOR_NAME = AccentColor;
				CODE_SIGN_STYLE = Automatic;
				CURRENT_PROJECT_VERSION = 1;
				DEVELOPMENT_TEAM = 8ZQMPASMPG;
				GENERATE_INFOPLIST_FILE = YES;
				INFOPLIST_FILE = MySpar/Info.plist;
				INFOPLIST_KEY_UIApplicationSupportsIndirectInputEvents = YES;
				INFOPLIST_KEY_UILaunchStoryboardName = LaunchScreen;
				INFOPLIST_KEY_UISupportedInterfaceOrientations = UIInterfaceOrientationPortrait;
				INFOPLIST_KEY_UISupportedInterfaceOrientations_iPad = "UIInterfaceOrientationLandscapeLeft UIInterfaceOrientationLandscapeRight UIInterfaceOrientationPortrait UIInterfaceOrientationPortraitUpsideDown";
				IPHONEOS_DEPLOYMENT_TARGET = 14.0;
				LD_RUNPATH_SEARCH_PATHS = (
					"$(inherited)",
					"@executable_path/Frameworks",
				);
				MARKETING_VERSION = 1.0;
				PRODUCT_BUNDLE_IDENTIFIER = "Denis-klimov.MySpar";
				PRODUCT_NAME = "$(TARGET_NAME)";
				SUPPORTED_PLATFORMS = "iphoneos iphonesimulator";
				SUPPORTS_MACCATALYST = NO;
				SUPPORTS_MAC_DESIGNED_FOR_IPHONE_IPAD = NO;
				SWIFT_EMIT_LOC_STRINGS = YES;
				SWIFT_VERSION = 5.0;
				TARGETED_DEVICE_FAMILY = 1;
			};
			name = Debug;
		};
		9D5B16AD2A866F3E00011E71 /* Release */ = {
			isa = XCBuildConfiguration;
			buildSettings = {
				ASSETCATALOG_COMPILER_APPICON_NAME = AppIcon;
				ASSETCATALOG_COMPILER_GLOBAL_ACCENT_COLOR_NAME = AccentColor;
				CODE_SIGN_STYLE = Automatic;
				CURRENT_PROJECT_VERSION = 1;
				DEVELOPMENT_TEAM = 8ZQMPASMPG;
				GENERATE_INFOPLIST_FILE = YES;
				INFOPLIST_FILE = MySpar/Info.plist;
				INFOPLIST_KEY_UIApplicationSupportsIndirectInputEvents = YES;
				INFOPLIST_KEY_UILaunchStoryboardName = LaunchScreen;
				INFOPLIST_KEY_UISupportedInterfaceOrientations = UIInterfaceOrientationPortrait;
				INFOPLIST_KEY_UISupportedInterfaceOrientations_iPad = "UIInterfaceOrientationLandscapeLeft UIInterfaceOrientationLandscapeRight UIInterfaceOrientationPortrait UIInterfaceOrientationPortraitUpsideDown";
				IPHONEOS_DEPLOYMENT_TARGET = 14.0;
				LD_RUNPATH_SEARCH_PATHS = (
					"$(inherited)",
					"@executable_path/Frameworks",
				);
				MARKETING_VERSION = 1.0;
				PRODUCT_BUNDLE_IDENTIFIER = "Denis-klimov.MySpar";
				PRODUCT_NAME = "$(TARGET_NAME)";
				SUPPORTED_PLATFORMS = "iphoneos iphonesimulator";
				SUPPORTS_MACCATALYST = NO;
				SUPPORTS_MAC_DESIGNED_FOR_IPHONE_IPAD = NO;
				SWIFT_EMIT_LOC_STRINGS = YES;
				SWIFT_VERSION = 5.0;
				TARGETED_DEVICE_FAMILY = 1;
			};
			name = Release;
		};
/* End XCBuildConfiguration section */

/* Begin XCConfigurationList section */
		9D5B16922A866F3D00011E71 /* Build configuration list for PBXProject "MySpar" */ = {
			isa = XCConfigurationList;
			buildConfigurations = (
				9D5B16A92A866F3E00011E71 /* Debug */,
				9D5B16AA2A866F3E00011E71 /* Release */,
			);
			defaultConfigurationIsVisible = 0;
			defaultConfigurationName = Release;
		};
		9D5B16AB2A866F3E00011E71 /* Build configuration list for PBXNativeTarget "MySpar" */ = {
			isa = XCConfigurationList;
			buildConfigurations = (
				9D5B16AC2A866F3E00011E71 /* Debug */,
				9D5B16AD2A866F3E00011E71 /* Release */,
			);
			defaultConfigurationIsVisible = 0;
			defaultConfigurationName = Release;
		};
/* End XCConfigurationList section */
	};
	rootObject = 9D5B168F2A866F3D00011E71 /* Project object */;
}
